github.com/basgys/goxml2json v1.1.0 h1:4ln5i4rseYfXNd86lGEB+Vi652IsIXIvggKM/BhUKVw=
github.com/basgys/goxml2json v1.1.0/go.mod h1:wH7a5Np/Q4QoECFIU8zTQlZwZkrilY0itPfecMw41Dw=
github.com/bitly/go-simplejson v0.5.0 h1:6IH+V8/tVMab511d5bn4M7EwGXZf9Hj6i2xSwkNEM+Y=
github.com/bitly/go-simplejson v0.5.0/go.mod h1:cXHtHw4XUPsvGaxgjIAn8PhEWG9NfngEKAMDJEczWVA=
github.com/bmizerany/assert v0.0.0-20160611221934-b7ed37b82869 h1:DDGfHa7BWjL4YnC6+E63dPcxHo2sUxDIu8g3QgEJdRY=
github.com/bmizerany/assert v0.0.0-20160611221934-b7ed37b82869/go.mod h1:Ekp36dRnpXw/yCqJaO+ZrUyxD+3VXMFFr56k5XYrpB4=
github.com/c-bata/go-prompt v0.2.3 h1:jjCS+QhG/sULBhAaBdjb2PlMRVaKXQgn+4yzaauvs2s=
github.com/c-bata/go-prompt v0.2.3/go.mod h1:VzqtzE2ksDBcdln8G7mk2RX9QyGjH+OVqOCSiVIqS34=
github.com/davecgh/go-spew v1.1.0 h1:ZDRjVQ15GmhC3fiQ8ni8+OwkZQO4DARzQgrnXU1Liz8=
github.com/davecgh/go-spew v1.1.0/go.mod h1:J7Y8YcW2NihsgmVo/mv3lAwl/skON4iLHjSsI+c5H38=
github.com/dsnet/compress v0.0.0-20171208185109-cc9eb1d7ad76 h1:eX+pdPPlD279OWgdx7f6KqIRSONuK7egk+jDx7OM3Ac=
github.com/dsnet/compress v0.0.0-20171208185109-cc9eb1d7ad76/go.mod h1:KjxHHirfLaw19iGT70HvVjHQsL1vq1SRQB4yOsAfy2s=
github.com/golang/snappy v0.0.0-20180518054509-2e65f85255db h1:woRePGFeVFfLKN/pOkfl+p/TAqKOfFu+7KPlMVpok/w=
github.com/golang/snappy v0.0.0-20180518054509-2e65f85255db/go.mod h1:/XxbfmMg8lxefKM7IXC3fBNl/7bRcc72aCRzEWrmP2Q=
github.com/kr/pretty v0.2.0 h1:s5hAObm+yFO5uHYt5dYjxi2rXrsnmRpJx4OYvIWUaQs=
github.com/kr/pretty v0.2.0/go.mod h1:ipq/a2n7PKx3OHsz4KJII5eveXtPO4qwEXGdVfWzfnI=
github.com/kr/pty v1.1.1/go.mod h1:pFQYn66WHrOpPYNljwOMqo10TkYh1fy3cYio2l3bCsQ=
github.com/kr/text v0.1.0 h1:45sCR5RtlFHMR4UwH9sdQ5TC8v0qDQCHnXt+kaKSTVE=
github.com/kr/text v0.1.0/go.mod h1:4Jbv+DJW3UT/LiOwJeYQe1efqtUx/iVham/4vfdArNI=
github.com/mattn/go-colorable v0.0.9 h1:UVL0vNpWh04HeJXV0KLcaT7r06gOH2l4OW6ddYRUIY4=
github.com/mattn/go-colorable v0.0.9/go.mod h1:9vuHe8Xs5qXnSaW/c/ABM9alt+Vo+STaOChaDxuIBZU=
github.com/mattn/go-isatty v0.0.4 h1:bnP0vzxcAdeI1zdubAl5PjU6zsERjGZb7raWodagDYs=
github.com/mattn/go-isatty v0.0.4/go.mod h1:M+lRXTBqGeGNdLjl/ufCoiOlB5xdOkqRJdNxMWT7Zi4=
github.com/mattn/go-runewidth v0.0.0-20181117163326-c88d7e5f2e24 h1:eFtHJsJUFBkg9GUzDeqjhdwKRuA2KYOqGdD0xy01mzc=
github.com/mattn/go-runewidth v0.0.0-20181117163326-c88d7e5f2e24/go.mod h1:LwmH8dsx7+W8Uxz3IHJYH5QSwggIsqBzpuz5H//U1FU=
github.com/mattn/go-tty v0.0.0-20181127064339-e4f871175a2f h1:4P7Ul+TAnk92vTeVkXs6VLjmf1EhrYtDRa03PCYY6VM=
github.com/mattn/go-tty v0.0.0-20181127064339-e4f871175a2f/go.mod h1:XPvLUNfbS4fJH25nqRHfWLMa1ONC8Amw+mIA639KxkE=
github.com/mholt/archiver v3.1.0+incompatible h1:S1rFZ7umHtN6cG+6cusrfoXTMPqp6u/R89iKxBYJd4w=
github.com/mholt/archiver v3.1.0+incompatible/go.mod h1:Dh2dOXnSdiLxRiPoVfIr/fI1TwETms9B8CTWfeh7ROU=
github.com/mitchellh/go-homedir v1.0.0 h1:vKb8ShqSby24Yrqr/yDYkuFz8d0WUjys40rvnGC8aR0=
github.com/mitchellh/go-homedir v1.0.0/go.mod h1:SfyaCUpYCn1Vlf4IUYiD9fPX4A5wJrkLzIz1N1q0pr0=
github.com/nwaples/rardecode v1.0.0 h1:r7vGuS5akxOnR4JQSkko62RJ1ReCMXxQRPtxsiFMBOs=
github.com/nwaples/rardecode v1.0.0/go.mod h1:5DzqNKiOdpKKBH87u8VlvAnPZMXcGRhxWkRpHbbfGS0=
github.com/olekukonko/tablewriter v0.0.1 h1:b3iUnf1v+ppJiOfNX4yxxqfWKMQPZR5yoh8urCTFX88=
github.com/olekukonko/tablewriter v0.0.1/go.mod h1:vsDQFd/mU46D+Z4whnwzcISnGGzXWMclvtLoiIKAKIo=
github.com/parsiya/golnk v0.0.0-20181111170654-25295a6e0c11 h1:PvBphXOB7MZeUZP3fwRyymEhZqeikwjY6ahyutyf+HM=
github.com/parsiya/golnk v0.0.0-20181111170654-25295a6e0c11/go.mod h1:K81/KqyRQt+tqXkg+ENusP67AeIrzJRa2uVlrCYwF5Y=
github.com/pierrec/lz4 v0.0.0-20181005164709-635575b42742 h1:wKfigKMTgvSzBLIVvB5QaBBQI0odU6n45/UKSphjLus=
github.com/pierrec/lz4 v0.0.0-20181005164709-635575b42742/go.mod h1:3/3N9NVKO0jef7pBehbT1qWhCMrIgbYNnFAZCqQ5LRc=
github.com/pkg/profile v1.2.1/go.mod h1:hJw3o1OdXxsrSjjVksARp5W95eeEaEfptyVZyv6JUPA=
github.com/pkg/term v0.0.0-20181116001808-27bbf2edb814 h1:qWlKm6sU/AyVAgBC1Pg1uuY/X/p4lNYG7t4v8/f4FJE=
github.com/pkg/term v0.0.0-20181116001808-27bbf2edb814/go.mod h1:eCbImbZ95eXtAUIbLAuAVnBnwf83mjf6QIVH8SHYwqQ=
github.com/pmezard/go-difflib v1.0.0 h1:4DBwDE0NGyQoBHbLQYPwSUPoCMWR5BEzIk/f1lZbAQM=
github.com/pmezard/go-difflib v1.0.0/go.mod h1:iKH77koFhYxTK1pcRnkKkqfTogsbg7gZNVY4sRDYZ/4=
github.com/starkriedesel/prompter v0.0.0-20181127232934-b201af05e0b5 h1:yhup7UmtH+XGCStmyyOYWLzMsL+blge7RoT9f7ibLxU=
github.com/starkriedesel/prompter v0.0.0-20181127232934-b201af05e0b5/go.mod h1:fKC3O1gy3JcEu0XtNMzLElXQkA8CrBCcEz8dkjs31Fk=
github.com/stretchr/objx v0.1.0/go.mod h1:HFkY916IF+rwdDfMAkV7OtwuqBVzrE8GR6GFx+wExME=
github.com/stretchr/testify v1.5.1 h1:nOGnQDM7FYENwehXlg/kFVnos3rEvtKTjRvOWSzb6H4=
github.com/stretchr/testify v1.5.1/go.mod h1:5W2xD1RspED5o8YsWQXVCued0rvSQ+mT+I5cxcmMvtA=
github.com/ulikunitz/xz v0.5.5 h1:pFrO0lVpTBXLpYw+pnLj6TbvHuyjXMfjGeCwSqCVwok=
github.com/ulikunitz/xz v0.5.5/go.mod h1:2bypXElzHzzJZwzH67Y6wb67pO62Rzfn7BSiF4ABRW8=
github.com/xi2/xz v0.0.0-20171230120015-48954b6210f8 h1:nIPpBwaJSVYIxUFsDv3M8ofmx9yWTog9BfvIu0q41lo=
github.com/xi2/xz v0.0.0-20171230120015-48954b6210f8/go.mod h1:HUYIGzjTL3rfEspMxjDjgmT5uz5wzYJKVo23qUhYTos=
golang.org/x/net v0.0.0-20181201002055-351d144fa1fc h1:a3CU5tJYVj92DY2LaA1kUkrsqD5/3mLDhx2NcNqyW+0=
golang.org/x/net v0.0.0-20181201002055-351d144fa1fc/go.mod h1:mL1N/T3taQHkDXs73rZJwtUhF3w3ftmwwsq0BUmARs4=
golang.org/x/sys v0.0.0-20181128092732-4ed8d59d0b35 h1:YAFjXN64LMvktoUZH9zgY4lGc/msGN7HQfoSuKCgaDU=
golang.org/x/sys v0.0.0-20181128092732-4ed8d59d0b35/go.mod h1:STP8DvDyc/dI5b8T5hshtkjS+E42TnysNCUPdjciGhY=
golang.org/x/text v0.3.0 h1:g61tztE5qeGQ89tm6NTjjM9VPIm088od1l6aSorWRWg=
golang.org/x/text v0.3.0/go.mod h1:NqM8EUOU14njkJ3fqMW+pc6Ldnwhi/IjpwHt7yyuwOQ=
gopkg.in/check.v1 v0.0.0-20161208181325-20d25e280405 h1:yhCVgyC4o1eVCa2tZl7eS0r+SDo693bJlVdllGtEeKM=
gopkg.in/check.v1 v0.0.0-20161208181325-20d25e280405/go.mod h1:Co6ibVJAznAaIkqp8huTwlJQCZ016jof/cbN4VW5Yz0=
gopkg.in/yaml.v2 v2.2.2 h1:ZCJp+EgiOT7lHqUV2J862kp8Qj64Jo6az82+3Td9dZw=
gopkg.in/yaml.v2 v2.2.2/go.mod h1:hI93XBmqTisBFMUTm0b8Fm+jr3Dg1NNxqwp+5A1VGuI=
